PODS:
  - SocketStreamSwift (0.4.1)

DEPENDENCIES:
  - SocketStreamSwift

SPEC REPOS:
  https://github.com/cocoapods/specs.git:
    - SocketStreamSwift

SPEC CHECKSUMS:
  SocketStreamSwift: ad961cf193a067998b7d1ce16c52c850deb2b5f8

PODFILE CHECKSUM: 6d2b8454bcea0b5f07296bf4154cff1235994d4e

COCOAPODS: 1.7.5
